
Microsoft Visual Studio Solution File, Format Version 11.00
# Visual Basic Express 2010
Project("{F184B08F-C81C-45F6-A57F-5ABD9991F28F}") = "Favorites Viewer", "Favorites Viewer\Favorites Viewer.vbproj", "{D32BA4FD-A9A4-436B-BC4D-F62E9301C3E1}"
EndProject
Project("{F184B08F-C81C-45F6-A57F-5ABD9991F28F}") = "Internet Favorites", "..\..\Chpt 13.1 - Class Libraries\Internet Favorites\Internet Favorites\Internet Favorites.vbproj", "{A12F6BAB-9DBA-4575-8413-32B233512C20}"
EndProject
Global
	GlobalSection(SolutionConfigurationPlatforms) = preSolution
		Debug|Any CPU = Debug|Any CPU
		Debug|Mixed Platforms = Debug|Mixed Platforms
		Debug|x86 = Debug|x86
		Release|Any CPU = Release|Any CPU
		Release|Mixed Platforms = Release|Mixed Platforms
		Release|x86 = Release|x86
	EndGlobalSection
	GlobalSection(ProjectConfigurationPlatforms) = postSolution
		{D32BA4FD-A9A4-436B-BC4D-F62E9301C3E1}.Debug|Any CPU.ActiveCfg = Debug|x86
		{D32BA4FD-A9A4-436B-BC4D-F62E9301C3E1}.Debug|Mixed Platforms.ActiveCfg = Debug|x86
		{D32BA4FD-A9A4-436B-BC4D-F62E9301C3E1}.Debug|Mixed Platforms.Build.0 = Debug|x86
		{D32BA4FD-A9A4-436B-BC4D-F62E9301C3E1}.Debug|x86.ActiveCfg = Debug|x86
		{D32BA4FD-A9A4-436B-BC4D-F62E9301C3E1}.Debug|x86.Build.0 = Debug|x86
		{D32BA4FD-A9A4-436B-BC4D-F62E9301C3E1}.Release|Any CPU.ActiveCfg = Release|x86
		{D32BA4FD-A9A4-436B-BC4D-F62E9301C3E1}.Release|Mixed Platforms.ActiveCfg = Release|x86
		{D32BA4FD-A9A4-436B-BC4D-F62E9301C3E1}.Release|Mixed Platforms.Build.0 = Release|x86
		{D32BA4FD-A9A4-436B-BC4D-F62E9301C3E1}.Release|x86.ActiveCfg = Release|x86
		{D32BA4FD-A9A4-436B-BC4D-F62E9301C3E1}.Release|x86.Build.0 = Release|x86
		{A12F6BAB-9DBA-4575-8413-32B233512C20}.Debug|Any CPU.ActiveCfg = Debug|Any CPU
		{A12F6BAB-9DBA-4575-8413-32B233512C20}.Debug|Any CPU.Build.0 = Debug|Any CPU
		{A12F6BAB-9DBA-4575-8413-32B233512C20}.Debug|Mixed Platforms.ActiveCfg = Debug|Any CPU
		{A12F6BAB-9DBA-4575-8413-32B233512C20}.Debug|Mixed Platforms.Build.0 = Debug|Any CPU
		{A12F6BAB-9DBA-4575-8413-32B233512C20}.Debug|x86.ActiveCfg = Debug|Any CPU
		{A12F6BAB-9DBA-4575-8413-32B233512C20}.Release|Any CPU.ActiveCfg = Release|Any CPU
		{A12F6BAB-9DBA-4575-8413-32B233512C20}.Release|Any CPU.Build.0 = Release|Any CPU
		{A12F6BAB-9DBA-4575-8413-32B233512C20}.Release|Mixed Platforms.ActiveCfg = Release|Any CPU
		{A12F6BAB-9DBA-4575-8413-32B233512C20}.Release|Mixed Platforms.Build.0 = Release|Any CPU
		{A12F6BAB-9DBA-4575-8413-32B233512C20}.Release|x86.ActiveCfg = Release|Any CPU
	EndGlobalSection
	GlobalSection(SolutionProperties) = preSolution
		HideSolutionNode = FALSE
	EndGlobalSection
EndGlobal
